
Microsoft Visual Studio Solution File, Format Version 12.00
# Visual Studio 14
VisualStudioVersion = 14.0.25420.1
MinimumVisualStudioVersion = 10.0.40219.1
Project("{FAE04EC0-301F-11D3-BF4B-00C04F79EFBC}") = "ContosoUniversity", "ContosoUniversity\ContosoUniversity.csproj", "{260DF6FD-816E-47E3-9AC8-C88C3A4F16B9}"
EndProject
Project("{FAE04EC0-301F-11D3-BF4B-00C04F79EFBC}") = "ContosoUniversityTests", "ContosoUniversityTests\ContosoUniversityTests.csproj", "{D340E343-99A0-4437-AADB-AA262E382F63}"
EndProject
Global
	GlobalSection(SolutionConfigurationPlatforms) = preSolution
		Debug|Any CPU = Debug|Any CPU
		DebugLocalDB|Any CPU = DebugLocalDB|Any CPU
		Release|Any CPU = Release|Any CPU
	EndGlobalSection
	GlobalSection(ProjectConfigurationPlatforms) = postSolution
		{260DF6FD-816E-47E3-9AC8-C88C3A4F16B9}.Debug|Any CPU.ActiveCfg = Debug|Any CPU
		{260DF6FD-816E-47E3-9AC8-C88C3A4F16B9}.Debug|Any CPU.Build.0 = Debug|Any CPU
		{260DF6FD-816E-47E3-9AC8-C88C3A4F16B9}.DebugLocalDB|Any CPU.ActiveCfg = DebugLocalDB|Any CPU
		{260DF6FD-816E-47E3-9AC8-C88C3A4F16B9}.DebugLocalDB|Any CPU.Build.0 = DebugLocalDB|Any CPU
		{260DF6FD-816E-47E3-9AC8-C88C3A4F16B9}.Release|Any CPU.ActiveCfg = Release|Any CPU
		{260DF6FD-816E-47E3-9AC8-C88C3A4F16B9}.Release|Any CPU.Build.0 = Release|Any CPU
		{D340E343-99A0-4437-AADB-AA262E382F63}.Debug|Any CPU.ActiveCfg = Debug|Any CPU
		{D340E343-99A0-4437-AADB-AA262E382F63}.Debug|Any CPU.Build.0 = Debug|Any CPU
		{D340E343-99A0-4437-AADB-AA262E382F63}.DebugLocalDB|Any CPU.ActiveCfg = Debug|Any CPU
		{D340E343-99A0-4437-AADB-AA262E382F63}.DebugLocalDB|Any CPU.Build.0 = Debug|Any CPU
		{D340E343-99A0-4437-AADB-AA262E382F63}.Release|Any CPU.ActiveCfg = Release|Any CPU
		{D340E343-99A0-4437-AADB-AA262E382F63}.Release|Any CPU.Build.0 = Release|Any CPU
	EndGlobalSection
	GlobalSection(SolutionProperties) = preSolution
		HideSolutionNode = FALSE
	EndGlobalSection
EndGlobal
